
Microsoft Visual Studio Solution File, Format Version 12.00
# Visual Studio Version 16
VisualStudioVersion = 16.0.30804.86
MinimumVisualStudioVersion = 10.0.40219.1
Project("{9A19103F-16F7-4668-BE54-9A1E7A4F7556}") = "Models", "Models\Models.csproj", "{AC5A1BDC-16D9-4E6C-914C-AC29DF99EFD8}"
EndProject
Project("{9A19103F-16F7-4668-BE54-9A1E7A4F7556}") = "API_Server", "API_Server\API_Server.csproj", "{AFFDD4D8-7C23-4361-AE69-B1E51937C96A}"
EndProject
Project("{2150E333-8FDC-42A3-9474-1A3956D46DE8}") = "Apps", "Apps", "{C92E0E6B-A6DC-4A98-80EB-2CA2CCEAD08A}"
EndProject
Project("{2150E333-8FDC-42A3-9474-1A3956D46DE8}") = "Libs", "Libs", "{FD81024B-DE1B-4389-B7B8-86EDE5EBF2AB}"
EndProject
Project("{9A19103F-16F7-4668-BE54-9A1E7A4F7556}") = "Client_App", "Client_App\Client_App.csproj", "{F5DAB33A-18AC-4E49-88B8-D5148B576521}"
EndProject
Project("{9A19103F-16F7-4668-BE54-9A1E7A4F7556}") = "RAO_App", "RAO_App\RAO_App.csproj", "{671E22F5-29D9-42AD-B616-978CF37F044C}"
EndProject
Project("{9A19103F-16F7-4668-BE54-9A1E7A4F7556}") = "Spravochniki", "Spravochniki\Spravochniki.csproj", "{727B3782-D1BE-4DF4-9D7C-19B54C4E465C}"
EndProject
Project("{9A19103F-16F7-4668-BE54-9A1E7A4F7556}") = "Client_App_Installer", "Client_App_Installer\Client_App_Installer.csproj", "{AAC20150-7E91-435D-A4E2-0FAD633E9517}"
EndProject
Project("{2150E333-8FDC-42A3-9474-1A3956D46DE8}") = "Installers", "Installers", "{D3D892B0-5D71-44AB-A28F-8E9D34FE3919}"
EndProject
Project("{9A19103F-16F7-4668-BE54-9A1E7A4F7556}") = "CreateBin", "CreateBin\CreateBin.csproj", "{CA8D3817-5E7C-4A79-ABCB-9EE489E5CA36}"
EndProject
Global
	GlobalSection(SolutionConfigurationPlatforms) = preSolution
		Debug|Any CPU = Debug|Any CPU
		Debug|x86 = Debug|x86
		Release|Any CPU = Release|Any CPU
		Release|x86 = Release|x86
	EndGlobalSection
	GlobalSection(ProjectConfigurationPlatforms) = postSolution
		{AC5A1BDC-16D9-4E6C-914C-AC29DF99EFD8}.Debug|Any CPU.ActiveCfg = Debug|Any CPU
		{AC5A1BDC-16D9-4E6C-914C-AC29DF99EFD8}.Debug|Any CPU.Build.0 = Debug|Any CPU
		{AC5A1BDC-16D9-4E6C-914C-AC29DF99EFD8}.Debug|x86.ActiveCfg = Debug|x86
		{AC5A1BDC-16D9-4E6C-914C-AC29DF99EFD8}.Debug|x86.Build.0 = Debug|x86
		{AC5A1BDC-16D9-4E6C-914C-AC29DF99EFD8}.Release|Any CPU.ActiveCfg = Release|Any CPU
		{AC5A1BDC-16D9-4E6C-914C-AC29DF99EFD8}.Release|Any CPU.Build.0 = Release|Any CPU
		{AC5A1BDC-16D9-4E6C-914C-AC29DF99EFD8}.Release|x86.ActiveCfg = Release|x86
		{AC5A1BDC-16D9-4E6C-914C-AC29DF99EFD8}.Release|x86.Build.0 = Release|x86
		{AFFDD4D8-7C23-4361-AE69-B1E51937C96A}.Debug|Any CPU.ActiveCfg = Debug|Any CPU
		{AFFDD4D8-7C23-4361-AE69-B1E51937C96A}.Debug|Any CPU.Build.0 = Debug|Any CPU
		{AFFDD4D8-7C23-4361-AE69-B1E51937C96A}.Debug|x86.ActiveCfg = Debug|x86
		{AFFDD4D8-7C23-4361-AE69-B1E51937C96A}.Debug|x86.Build.0 = Debug|x86
		{AFFDD4D8-7C23-4361-AE69-B1E51937C96A}.Release|Any CPU.ActiveCfg = Release|Any CPU
		{AFFDD4D8-7C23-4361-AE69-B1E51937C96A}.Release|Any CPU.Build.0 = Release|Any CPU
		{AFFDD4D8-7C23-4361-AE69-B1E51937C96A}.Release|x86.ActiveCfg = Release|x86
		{AFFDD4D8-7C23-4361-AE69-B1E51937C96A}.Release|x86.Build.0 = Release|x86
		{F5DAB33A-18AC-4E49-88B8-D5148B576521}.Debug|Any CPU.ActiveCfg = Debug|Any CPU
		{F5DAB33A-18AC-4E49-88B8-D5148B576521}.Debug|Any CPU.Build.0 = Debug|Any CPU
		{F5DAB33A-18AC-4E49-88B8-D5148B576521}.Debug|x86.ActiveCfg = Debug|x86
		{F5DAB33A-18AC-4E49-88B8-D5148B576521}.Debug|x86.Build.0 = Debug|x86
		{F5DAB33A-18AC-4E49-88B8-D5148B576521}.Release|Any CPU.ActiveCfg = Release|Any CPU
		{F5DAB33A-18AC-4E49-88B8-D5148B576521}.Release|Any CPU.Build.0 = Release|Any CPU
		{F5DAB33A-18AC-4E49-88B8-D5148B576521}.Release|x86.ActiveCfg = Release|x86
		{F5DAB33A-18AC-4E49-88B8-D5148B576521}.Release|x86.Build.0 = Release|x86
		{671E22F5-29D9-42AD-B616-978CF37F044C}.Debug|Any CPU.ActiveCfg = Debug|Any CPU
		{671E22F5-29D9-42AD-B616-978CF37F044C}.Debug|Any CPU.Build.0 = Debug|Any CPU
		{671E22F5-29D9-42AD-B616-978CF37F044C}.Debug|x86.ActiveCfg = Debug|x86
		{671E22F5-29D9-42AD-B616-978CF37F044C}.Debug|x86.Build.0 = Debug|x86
		{671E22F5-29D9-42AD-B616-978CF37F044C}.Release|Any CPU.ActiveCfg = Release|Any CPU
		{671E22F5-29D9-42AD-B616-978CF37F044C}.Release|Any CPU.Build.0 = Release|Any CPU
		{671E22F5-29D9-42AD-B616-978CF37F044C}.Release|x86.ActiveCfg = Release|x86
		{671E22F5-29D9-42AD-B616-978CF37F044C}.Release|x86.Build.0 = Release|x86
		{727B3782-D1BE-4DF4-9D7C-19B54C4E465C}.Debug|Any CPU.ActiveCfg = Debug|Any CPU
		{727B3782-D1BE-4DF4-9D7C-19B54C4E465C}.Debug|Any CPU.Build.0 = Debug|Any CPU
		{727B3782-D1BE-4DF4-9D7C-19B54C4E465C}.Debug|x86.ActiveCfg = Debug|Any CPU
		{727B3782-D1BE-4DF4-9D7C-19B54C4E465C}.Debug|x86.Build.0 = Debug|Any CPU
		{727B3782-D1BE-4DF4-9D7C-19B54C4E465C}.Release|Any CPU.ActiveCfg = Release|Any CPU
		{727B3782-D1BE-4DF4-9D7C-19B54C4E465C}.Release|Any CPU.Build.0 = Release|Any CPU
		{727B3782-D1BE-4DF4-9D7C-19B54C4E465C}.Release|x86.ActiveCfg = Release|Any CPU
		{727B3782-D1BE-4DF4-9D7C-19B54C4E465C}.Release|x86.Build.0 = Release|Any CPU
		{AAC20150-7E91-435D-A4E2-0FAD633E9517}.Debug|Any CPU.ActiveCfg = Debug|Any CPU
		{AAC20150-7E91-435D-A4E2-0FAD633E9517}.Debug|Any CPU.Build.0 = Debug|Any CPU
		{AAC20150-7E91-435D-A4E2-0FAD633E9517}.Debug|x86.ActiveCfg = Debug|Any CPU
		{AAC20150-7E91-435D-A4E2-0FAD633E9517}.Debug|x86.Build.0 = Debug|Any CPU
		{AAC20150-7E91-435D-A4E2-0FAD633E9517}.Release|Any CPU.ActiveCfg = Release|Any CPU
		{AAC20150-7E91-435D-A4E2-0FAD633E9517}.Release|Any CPU.Build.0 = Release|Any CPU
		{AAC20150-7E91-435D-A4E2-0FAD633E9517}.Release|x86.ActiveCfg = Release|Any CPU
		{AAC20150-7E91-435D-A4E2-0FAD633E9517}.Release|x86.Build.0 = Release|Any CPU
		{CA8D3817-5E7C-4A79-ABCB-9EE489E5CA36}.Debug|Any CPU.ActiveCfg = Debug|Any CPU
		{CA8D3817-5E7C-4A79-ABCB-9EE489E5CA36}.Debug|Any CPU.Build.0 = Debug|Any CPU
		{CA8D3817-5E7C-4A79-ABCB-9EE489E5CA36}.Debug|x86.ActiveCfg = Debug|Any CPU
		{CA8D3817-5E7C-4A79-ABCB-9EE489E5CA36}.Debug|x86.Build.0 = Debug|Any CPU
		{CA8D3817-5E7C-4A79-ABCB-9EE489E5CA36}.Release|Any CPU.ActiveCfg = Release|Any CPU
		{CA8D3817-5E7C-4A79-ABCB-9EE489E5CA36}.Release|Any CPU.Build.0 = Release|Any CPU
		{CA8D3817-5E7C-4A79-ABCB-9EE489E5CA36}.Release|x86.ActiveCfg = Release|Any CPU
		{CA8D3817-5E7C-4A79-ABCB-9EE489E5CA36}.Release|x86.Build.0 = Release|Any CPU
	EndGlobalSection
	GlobalSection(SolutionProperties) = preSolution
		HideSolutionNode = FALSE
	EndGlobalSection
	GlobalSection(NestedProjects) = preSolution
		{AC5A1BDC-16D9-4E6C-914C-AC29DF99EFD8} = {FD81024B-DE1B-4389-B7B8-86EDE5EBF2AB}
		{F5DAB33A-18AC-4E49-88B8-D5148B576521} = {C92E0E6B-A6DC-4A98-80EB-2CA2CCEAD08A}
		{671E22F5-29D9-42AD-B616-978CF37F044C} = {C92E0E6B-A6DC-4A98-80EB-2CA2CCEAD08A}
		{727B3782-D1BE-4DF4-9D7C-19B54C4E465C} = {FD81024B-DE1B-4389-B7B8-86EDE5EBF2AB}
		{AAC20150-7E91-435D-A4E2-0FAD633E9517} = {D3D892B0-5D71-44AB-A28F-8E9D34FE3919}
		{CA8D3817-5E7C-4A79-ABCB-9EE489E5CA36} = {D3D892B0-5D71-44AB-A28F-8E9D34FE3919}
	EndGlobalSection
	GlobalSection(ExtensibilityGlobals) = postSolution
		SolutionGuid = {F1BA772E-8B5E-4DD6-A52B-E0F73FEEEBCF}
	EndGlobalSection
EndGlobal
