
Microsoft Visual Studio Solution File, Format Version 12.00
# Visual Studio Version 16
VisualStudioVersion = 16.0.30804.86
MinimumVisualStudioVersion = 10.0.40219.1
Project("{9A19103F-16F7-4668-BE54-9A1E7A4F7556}") = "Models", "Models\Models.csproj", "{AC5A1BDC-16D9-4E6C-914C-AC29DF99EFD8}"
EndProject
Project("{9A19103F-16F7-4668-BE54-9A1E7A4F7556}") = "API_Server", "API_Server\API_Server.csproj", "{AFFDD4D8-7C23-4361-AE69-B1E51937C96A}"
EndProject
Project("{2150E333-8FDC-42A3-9474-1A3956D46DE8}") = "Apps", "Apps", "{C92E0E6B-A6DC-4A98-80EB-2CA2CCEAD08A}"
EndProject
Project("{2150E333-8FDC-42A3-9474-1A3956D46DE8}") = "Libs", "Libs", "{FD81024B-DE1B-4389-B7B8-86EDE5EBF2AB}"
EndProject
Project("{9A19103F-16F7-4668-BE54-9A1E7A4F7556}") = "Client_App", "Client_App\Client_App.csproj", "{F5DAB33A-18AC-4E49-88B8-D5148B576521}"
EndProject
Project("{9A19103F-16F7-4668-BE54-9A1E7A4F7556}") = "RAO_App", "RAO_App\RAO_App.csproj", "{671E22F5-29D9-42AD-B616-978CF37F044C}"
EndProject
Project("{9A19103F-16F7-4668-BE54-9A1E7A4F7556}") = "Helpers", "Helpers\Helpers.csproj", "{6BB2A094-482F-464A-A3EF-F780DB084221}"
EndProject
Global
	GlobalSection(SolutionConfigurationPlatforms) = preSolution
		Debug|Any CPU = Debug|Any CPU
		Debug|x86 = Debug|x86
		Release|Any CPU = Release|Any CPU
		Release|x86 = Release|x86
	EndGlobalSection
	GlobalSection(ProjectConfigurationPlatforms) = postSolution
		{AC5A1BDC-16D9-4E6C-914C-AC29DF99EFD8}.Debug|Any CPU.ActiveCfg = Debug|Any CPU
		{AC5A1BDC-16D9-4E6C-914C-AC29DF99EFD8}.Debug|Any CPU.Build.0 = Debug|Any CPU
		{AC5A1BDC-16D9-4E6C-914C-AC29DF99EFD8}.Debug|x86.ActiveCfg = Debug|x86
		{AC5A1BDC-16D9-4E6C-914C-AC29DF99EFD8}.Debug|x86.Build.0 = Debug|x86
		{AC5A1BDC-16D9-4E6C-914C-AC29DF99EFD8}.Release|Any CPU.ActiveCfg = Release|Any CPU
		{AC5A1BDC-16D9-4E6C-914C-AC29DF99EFD8}.Release|Any CPU.Build.0 = Release|Any CPU
		{AC5A1BDC-16D9-4E6C-914C-AC29DF99EFD8}.Release|x86.ActiveCfg = Release|x86
		{AC5A1BDC-16D9-4E6C-914C-AC29DF99EFD8}.Release|x86.Build.0 = Release|x86
		{AFFDD4D8-7C23-4361-AE69-B1E51937C96A}.Debug|Any CPU.ActiveCfg = Debug|Any CPU
		{AFFDD4D8-7C23-4361-AE69-B1E51937C96A}.Debug|Any CPU.Build.0 = Debug|Any CPU
		{AFFDD4D8-7C23-4361-AE69-B1E51937C96A}.Debug|x86.ActiveCfg = Debug|x86
		{AFFDD4D8-7C23-4361-AE69-B1E51937C96A}.Debug|x86.Build.0 = Debug|x86
		{AFFDD4D8-7C23-4361-AE69-B1E51937C96A}.Release|Any CPU.ActiveCfg = Release|Any CPU
		{AFFDD4D8-7C23-4361-AE69-B1E51937C96A}.Release|Any CPU.Build.0 = Release|Any CPU
		{AFFDD4D8-7C23-4361-AE69-B1E51937C96A}.Release|x86.ActiveCfg = Release|x86
		{AFFDD4D8-7C23-4361-AE69-B1E51937C96A}.Release|x86.Build.0 = Release|x86
		{F5DAB33A-18AC-4E49-88B8-D5148B576521}.Debug|Any CPU.ActiveCfg = Debug|Any CPU
		{F5DAB33A-18AC-4E49-88B8-D5148B576521}.Debug|Any CPU.Build.0 = Debug|Any CPU
		{F5DAB33A-18AC-4E49-88B8-D5148B576521}.Debug|x86.ActiveCfg = Debug|x86
		{F5DAB33A-18AC-4E49-88B8-D5148B576521}.Debug|x86.Build.0 = Debug|x86
		{F5DAB33A-18AC-4E49-88B8-D5148B576521}.Release|Any CPU.ActiveCfg = Release|Any CPU
		{F5DAB33A-18AC-4E49-88B8-D5148B576521}.Release|Any CPU.Build.0 = Release|Any CPU
		{F5DAB33A-18AC-4E49-88B8-D5148B576521}.Release|x86.ActiveCfg = Release|x86
		{F5DAB33A-18AC-4E49-88B8-D5148B576521}.Release|x86.Build.0 = Release|x86
		{671E22F5-29D9-42AD-B616-978CF37F044C}.Debug|Any CPU.ActiveCfg = Debug|Any CPU
		{671E22F5-29D9-42AD-B616-978CF37F044C}.Debug|Any CPU.Build.0 = Debug|Any CPU
		{671E22F5-29D9-42AD-B616-978CF37F044C}.Debug|x86.ActiveCfg = Debug|x86
		{671E22F5-29D9-42AD-B616-978CF37F044C}.Debug|x86.Build.0 = Debug|x86
		{671E22F5-29D9-42AD-B616-978CF37F044C}.Release|Any CPU.ActiveCfg = Release|Any CPU
		{671E22F5-29D9-42AD-B616-978CF37F044C}.Release|Any CPU.Build.0 = Release|Any CPU
		{671E22F5-29D9-42AD-B616-978CF37F044C}.Release|x86.ActiveCfg = Release|x86
		{671E22F5-29D9-42AD-B616-978CF37F044C}.Release|x86.Build.0 = Release|x86
		{6BB2A094-482F-464A-A3EF-F780DB084221}.Debug|Any CPU.ActiveCfg = Debug|Any CPU
		{6BB2A094-482F-464A-A3EF-F780DB084221}.Debug|Any CPU.Build.0 = Debug|Any CPU
		{6BB2A094-482F-464A-A3EF-F780DB084221}.Debug|x86.ActiveCfg = Debug|x86
		{6BB2A094-482F-464A-A3EF-F780DB084221}.Debug|x86.Build.0 = Debug|x86
		{6BB2A094-482F-464A-A3EF-F780DB084221}.Release|Any CPU.ActiveCfg = Release|Any CPU
		{6BB2A094-482F-464A-A3EF-F780DB084221}.Release|Any CPU.Build.0 = Release|Any CPU
		{6BB2A094-482F-464A-A3EF-F780DB084221}.Release|x86.ActiveCfg = Release|x86
		{6BB2A094-482F-464A-A3EF-F780DB084221}.Release|x86.Build.0 = Release|x86
	EndGlobalSection
	GlobalSection(SolutionProperties) = preSolution
		HideSolutionNode = FALSE
	EndGlobalSection
	GlobalSection(NestedProjects) = preSolution
		{AC5A1BDC-16D9-4E6C-914C-AC29DF99EFD8} = {FD81024B-DE1B-4389-B7B8-86EDE5EBF2AB}
		{F5DAB33A-18AC-4E49-88B8-D5148B576521} = {C92E0E6B-A6DC-4A98-80EB-2CA2CCEAD08A}
		{671E22F5-29D9-42AD-B616-978CF37F044C} = {C92E0E6B-A6DC-4A98-80EB-2CA2CCEAD08A}
		{6BB2A094-482F-464A-A3EF-F780DB084221} = {FD81024B-DE1B-4389-B7B8-86EDE5EBF2AB}
	EndGlobalSection
	GlobalSection(ExtensibilityGlobals) = postSolution
		SolutionGuid = {F1BA772E-8B5E-4DD6-A52B-E0F73FEEEBCF}
	EndGlobalSection
EndGlobal
